# DO NOT EDIT MANUALLY - Managed by Fern Replay
version: "1.0"
generations:
  - commit_sha: cb9280d6e59b779e8df1b6559287cb5518d247e9
    tree_hash: 29e77732eac702a416563867c94f18247d8a2f9b
    timestamp: 2026-06-08T10:48:44.759Z
    cli_version: unknown
    generator_versions: {}
  - commit_sha: 9718c28f25cb6f4da1fecea8e72f13dda96f830f
    tree_hash: 5b47a0cfc8483bc34521cda8c67cb66cd80bbb8b
    timestamp: 2026-07-07T08:58:14.435Z
    cli_version: unknown
    generator_versions:
      fernapi/fern-typescript-node-sdk: 0.51.7
  - commit_sha: f17fd4a62da6933c3fb03c007c8a81cf51d8d796
    tree_hash: 0e36499aef99ecf675f2237e1b9ef3f5b208cf64
    timestamp: 2026-07-16T15:06:09.430Z
    cli_version: unknown
    generator_versions:
      fernapi/fern-typescript-node-sdk: 0.51.7
current_generation: f17fd4a62da6933c3fb03c007c8a81cf51d8d796
patches: []
